
Microsoft Visual Studio Solution File, Format Version 12.00
# Visual Studio 15
VisualStudioVersion = 15.0.26730.16
MinimumVisualStudioVersion = 10.0.40219.1
Project("{FAE04EC0-301F-11D3-BF4B-00C04F79EFBC}") = "GForum.Web", "GForum.Web\GForum.Web.csproj", "{F11A6E47-5E89-4790-A8EA-8EB9866A8FDA}"
EndProject
Project("{FAE04EC0-301F-11D3-BF4B-00C04F79EFBC}") = "GForum.Web.Tests", "GForum.Web.Tests\GForum.Web.Tests.csproj", "{E24767D5-672C-4B65-B413-E783245CB1ED}"
EndProject
Project("{FAE04EC0-301F-11D3-BF4B-00C04F79EFBC}") = "GForum.Data", "GForum.Data\GForum.Data.csproj", "{BFBB8190-FF1E-4551-B0D8-B4D1B5782CCE}"
EndProject
Project("{FAE04EC0-301F-11D3-BF4B-00C04F79EFBC}") = "GForum.Data.Models", "GForum.Data.Models\GForum.Data.Models.csproj", "{87E3EF97-EA81-4DAC-8B1D-C0CA7AD6A49F}"
EndProject
Project("{FAE04EC0-301F-11D3-BF4B-00C04F79EFBC}") = "GForum.Common", "GForum.Common\GForum.Common.csproj", "{E7914C4F-111D-4236-8379-09ACB0FCA834}"
EndProject
Project("{FAE04EC0-301F-11D3-BF4B-00C04F79EFBC}") = "GForum.Services", "GForum.Services\GForum.Services.csproj", "{51385AF6-58EF-44BD-B72E-3B00B0B6747E}"
EndProject
Project("{2150E333-8FDC-42A3-9474-1A3956D46DE8}") = "Tests", "Tests", "{35ECBF86-0E49-424E-94FD-7ABE0FDE4A33}"
EndProject
Project("{FAE04EC0-301F-11D3-BF4B-00C04F79EFBC}") = "GForum.Coverage", "GForum.Coverage\GForum.Coverage.csproj", "{3EE8B4C2-B8DB-46DF-A8C5-CAE9ADD3728E}"
EndProject
Project("{FAE04EC0-301F-11D3-BF4B-00C04F79EFBC}") = "GForum.Services.Tests", "GForum.Services.Tests\GForum.Services.Tests.csproj", "{53C7DBAD-F956-4DC5-A4A8-F9C6A93C8A15}"
EndProject
Global
	GlobalSection(SolutionConfigurationPlatforms) = preSolution
		Debug|Any CPU = Debug|Any CPU
		Release|Any CPU = Release|Any CPU
	EndGlobalSection
	GlobalSection(ProjectConfigurationPlatforms) = postSolution
		{F11A6E47-5E89-4790-A8EA-8EB9866A8FDA}.Debug|Any CPU.ActiveCfg = Debug|Any CPU
		{F11A6E47-5E89-4790-A8EA-8EB9866A8FDA}.Debug|Any CPU.Build.0 = Debug|Any CPU
		{F11A6E47-5E89-4790-A8EA-8EB9866A8FDA}.Release|Any CPU.ActiveCfg = Release|Any CPU
		{F11A6E47-5E89-4790-A8EA-8EB9866A8FDA}.Release|Any CPU.Build.0 = Release|Any CPU
		{E24767D5-672C-4B65-B413-E783245CB1ED}.Debug|Any CPU.ActiveCfg = Debug|Any CPU
		{E24767D5-672C-4B65-B413-E783245CB1ED}.Debug|Any CPU.Build.0 = Debug|Any CPU
		{E24767D5-672C-4B65-B413-E783245CB1ED}.Release|Any CPU.ActiveCfg = Release|Any CPU
		{E24767D5-672C-4B65-B413-E783245CB1ED}.Release|Any CPU.Build.0 = Release|Any CPU
		{BFBB8190-FF1E-4551-B0D8-B4D1B5782CCE}.Debug|Any CPU.ActiveCfg = Debug|Any CPU
		{BFBB8190-FF1E-4551-B0D8-B4D1B5782CCE}.Debug|Any CPU.Build.0 = Debug|Any CPU
		{BFBB8190-FF1E-4551-B0D8-B4D1B5782CCE}.Release|Any CPU.ActiveCfg = Release|Any CPU
		{BFBB8190-FF1E-4551-B0D8-B4D1B5782CCE}.Release|Any CPU.Build.0 = Release|Any CPU
		{87E3EF97-EA81-4DAC-8B1D-C0CA7AD6A49F}.Debug|Any CPU.ActiveCfg = Debug|Any CPU
		{87E3EF97-EA81-4DAC-8B1D-C0CA7AD6A49F}.Debug|Any CPU.Build.0 = Debug|Any CPU
		{87E3EF97-EA81-4DAC-8B1D-C0CA7AD6A49F}.Release|Any CPU.ActiveCfg = Release|Any CPU
		{87E3EF97-EA81-4DAC-8B1D-C0CA7AD6A49F}.Release|Any CPU.Build.0 = Release|Any CPU
		{E7914C4F-111D-4236-8379-09ACB0FCA834}.Debug|Any CPU.ActiveCfg = Debug|Any CPU
		{E7914C4F-111D-4236-8379-09ACB0FCA834}.Debug|Any CPU.Build.0 = Debug|Any CPU
		{E7914C4F-111D-4236-8379-09ACB0FCA834}.Release|Any CPU.ActiveCfg = Release|Any CPU
		{E7914C4F-111D-4236-8379-09ACB0FCA834}.Release|Any CPU.Build.0 = Release|Any CPU
		{51385AF6-58EF-44BD-B72E-3B00B0B6747E}.Debug|Any CPU.ActiveCfg = Debug|Any CPU
		{51385AF6-58EF-44BD-B72E-3B00B0B6747E}.Debug|Any CPU.Build.0 = Debug|Any CPU
		{51385AF6-58EF-44BD-B72E-3B00B0B6747E}.Release|Any CPU.ActiveCfg = Release|Any CPU
		{51385AF6-58EF-44BD-B72E-3B00B0B6747E}.Release|Any CPU.Build.0 = Release|Any CPU
		{3EE8B4C2-B8DB-46DF-A8C5-CAE9ADD3728E}.Debug|Any CPU.ActiveCfg = Debug|Any CPU
		{3EE8B4C2-B8DB-46DF-A8C5-CAE9ADD3728E}.Debug|Any CPU.Build.0 = Debug|Any CPU
		{3EE8B4C2-B8DB-46DF-A8C5-CAE9ADD3728E}.Release|Any CPU.ActiveCfg = Release|Any CPU
		{3EE8B4C2-B8DB-46DF-A8C5-CAE9ADD3728E}.Release|Any CPU.Build.0 = Release|Any CPU
		{53C7DBAD-F956-4DC5-A4A8-F9C6A93C8A15}.Debug|Any CPU.ActiveCfg = Debug|Any CPU
		{53C7DBAD-F956-4DC5-A4A8-F9C6A93C8A15}.Debug|Any CPU.Build.0 = Debug|Any CPU
		{53C7DBAD-F956-4DC5-A4A8-F9C6A93C8A15}.Release|Any CPU.ActiveCfg = Release|Any CPU
		{53C7DBAD-F956-4DC5-A4A8-F9C6A93C8A15}.Release|Any CPU.Build.0 = Release|Any CPU
	EndGlobalSection
	GlobalSection(SolutionProperties) = preSolution
		HideSolutionNode = FALSE
	EndGlobalSection
	GlobalSection(NestedProjects) = preSolution
		{E24767D5-672C-4B65-B413-E783245CB1ED} = {35ECBF86-0E49-424E-94FD-7ABE0FDE4A33}
		{3EE8B4C2-B8DB-46DF-A8C5-CAE9ADD3728E} = {35ECBF86-0E49-424E-94FD-7ABE0FDE4A33}
		{53C7DBAD-F956-4DC5-A4A8-F9C6A93C8A15} = {35ECBF86-0E49-424E-94FD-7ABE0FDE4A33}
	EndGlobalSection
	GlobalSection(ExtensibilityGlobals) = postSolution
		SolutionGuid = {A8503E76-0F4F-48D0-A7A1-A491BCE43991}
	EndGlobalSection
EndGlobal
